
Microsoft Visual Studio Solution File, Format Version 12.00
Project("{FAE04EC0-301F-11D3-BF4B-00C04F79EFBC}") = "aTES.Auth", "aTES.Auth\aTES.Auth.csproj", "{B40845A8-6BF1-4E9C-854D-772E2A2E0448}"
EndProject
Project("{2150E333-8FDC-42A3-9474-1A3956D46DE8}") = "Auth", "Auth", "{AC24B4D6-BDD9-4D54-B81B-90D1A7AD301B}"
EndProject
Project("{2150E333-8FDC-42A3-9474-1A3956D46DE8}") = "TaskTracker", "TaskTracker", "{8599E070-4988-4BAE-BFA4-B31B41C9C121}"
EndProject
Project("{FAE04EC0-301F-11D3-BF4B-00C04F79EFBC}") = "aTES.TaskTracker", "aTES.TaskTracker\aTES.TaskTracker.csproj", "{BE9345EF-C77B-4004-ACD8-F5A5EE378847}"
EndProject
Global
	GlobalSection(SolutionConfigurationPlatforms) = preSolution
		Debug|Any CPU = Debug|Any CPU
		Release|Any CPU = Release|Any CPU
	EndGlobalSection
	GlobalSection(ProjectConfigurationPlatforms) = postSolution
		{B40845A8-6BF1-4E9C-854D-772E2A2E0448}.Debug|Any CPU.ActiveCfg = Debug|Any CPU
		{B40845A8-6BF1-4E9C-854D-772E2A2E0448}.Debug|Any CPU.Build.0 = Debug|Any CPU
		{B40845A8-6BF1-4E9C-854D-772E2A2E0448}.Release|Any CPU.ActiveCfg = Release|Any CPU
		{B40845A8-6BF1-4E9C-854D-772E2A2E0448}.Release|Any CPU.Build.0 = Release|Any CPU
		{BE9345EF-C77B-4004-ACD8-F5A5EE378847}.Debug|Any CPU.ActiveCfg = Debug|Any CPU
		{BE9345EF-C77B-4004-ACD8-F5A5EE378847}.Debug|Any CPU.Build.0 = Debug|Any CPU
		{BE9345EF-C77B-4004-ACD8-F5A5EE378847}.Release|Any CPU.ActiveCfg = Release|Any CPU
		{BE9345EF-C77B-4004-ACD8-F5A5EE378847}.Release|Any CPU.Build.0 = Release|Any CPU
	EndGlobalSection
	GlobalSection(NestedProjects) = preSolution
		{B40845A8-6BF1-4E9C-854D-772E2A2E0448} = {AC24B4D6-BDD9-4D54-B81B-90D1A7AD301B}
		{BE9345EF-C77B-4004-ACD8-F5A5EE378847} = {8599E070-4988-4BAE-BFA4-B31B41C9C121}
	EndGlobalSection
EndGlobal
